
Microsoft Visual Studio Solution File, Format Version 12.00
# Visual Studio Version 16
VisualStudioVersion = 16.0.32002.261
MinimumVisualStudioVersion = 10.0.40219.1
Project("{FAE04EC0-301F-11D3-BF4B-00C04F79EFBC}") = "CoreApiReadAppSettings", "CoreApiReadAppSettings\CoreApiReadAppSettings.csproj", "{C4B12FF7-2136-4FE0-BCD2-A70E227FC64E}"
EndProject
Global
	GlobalSection(SolutionConfigurationPlatforms) = preSolution
		Debug|Any CPU = Debug|Any CPU
		Release|Any CPU = Release|Any CPU
	EndGlobalSection
	GlobalSection(ProjectConfigurationPlatforms) = postSolution
		{C4B12FF7-2136-4FE0-BCD2-A70E227FC64E}.Debug|Any CPU.ActiveCfg = Debug|Any CPU
		{C4B12FF7-2136-4FE0-BCD2-A70E227FC64E}.Debug|Any CPU.Build.0 = Debug|Any CPU
		{C4B12FF7-2136-4FE0-BCD2-A70E227FC64E}.Release|Any CPU.ActiveCfg = Release|Any CPU
		{C4B12FF7-2136-4FE0-BCD2-A70E227FC64E}.Release|Any CPU.Build.0 = Release|Any CPU
	EndGlobalSection
	GlobalSection(SolutionProperties) = preSolution
		HideSolutionNode = FALSE
	EndGlobalSection
	GlobalSection(ExtensibilityGlobals) = postSolution
		SolutionGuid = {10E2D11A-C601-4D52-B11F-1D3C6C510F96}
	EndGlobalSection
EndGlobal
